
Microsoft Visual Studio Solution File, Format Version 11.00
# Visual Studio 2010
Project("{FAE04EC0-301F-11D3-BF4B-00C04F79EFBC}") = "My Roll a Ball", "Assembly-CSharp.csproj", "{FF682C2B-1BE5-C32B-8F52-23A9B1E38EAE}"
EndProject
Global
	GlobalSection(SolutionConfigurationPlatforms) = preSolution
		Debug|Any CPU = Debug|Any CPU
		Release|Any CPU = Release|Any CPU
	EndGlobalSection
	GlobalSection(ProjectConfigurationPlatforms) = postSolution
		{FF682C2B-1BE5-C32B-8F52-23A9B1E38EAE}.Debug|Any CPU.ActiveCfg = Debug|Any CPU
		{FF682C2B-1BE5-C32B-8F52-23A9B1E38EAE}.Debug|Any CPU.Build.0 = Debug|Any CPU
		{FF682C2B-1BE5-C32B-8F52-23A9B1E38EAE}.Release|Any CPU.ActiveCfg = Release|Any CPU
		{FF682C2B-1BE5-C32B-8F52-23A9B1E38EAE}.Release|Any CPU.Build.0 = Release|Any CPU
	EndGlobalSection
	GlobalSection(SolutionProperties) = preSolution
		HideSolutionNode = FALSE
	EndGlobalSection
	GlobalSection(MonoDevelopProperties) = preSolution
		StartupItem = Assembly-CSharp.csproj
	EndGlobalSection
EndGlobal
